{
  "originHash" : "1b90c5e02060c4b2d43beeea6ff6ea700d20dc503a29a93c34d8cccaf47c2445",
  "pins" : [
    {
      "identity" : "heartbeat-tracker",
      "kind" : "remoteSourceControl",
      "location" : "https://github.com/maierru/heartbeat-tracker.git",
      "state" : {
        "revision" : "338c8a79b29877518bde9c04465f26e646878c0f",
        "version" : "1.2.1"
      }
    }
  ],
  "version" : 3
}
