{
  "originHash" : "1b90c5e02060c4b2d43beeea6ff6ea700d20dc503a29a93c34d8cccaf47c2445",
  "pins" : [
    {
      "identity" : "heartbeat-tracker",
      "kind" : "remoteSourceControl",
      "location" : "https://github.com/maierru/heartbeat-tracker.git",
      "state" : {
        "revision" : "f52788224e5aacc21e545524e724a3177c26f84c",
        "version" : "1.0.1"
      }
    }
  ],
  "version" : 3
}
